
Microsoft Visual Studio Solution File, Format Version 12.00
# Visual Studio Version 16
VisualStudioVersion = 16.0.29926.136
MinimumVisualStudioVersion = 10.0.40219.1
Project("{9A19103F-16F7-4668-BE54-9A1E7A4F7556}") = "OmarRestaurant.Core", "Restaurant.Core\OmarRestaurant.Core.csproj", "{1EFE496E-B729-46C7-A99A-D2E0F275C153}"
EndProject
Project("{9A19103F-16F7-4668-BE54-9A1E7A4F7556}") = "OmarRestaurant.Data", "Restuarant.Data\OmarRestaurant.Data.csproj", "{A1318021-0DA4-4055-8485-59E236F8B58C}"
EndProject
Project("{9A19103F-16F7-4668-BE54-9A1E7A4F7556}") = "OmarRestaurant", "Restaurant\OmarRestaurant.csproj", "{60F3B7FD-2C89-4B75-83BF-269AE2D87B88}"
EndProject
Global
	GlobalSection(SolutionConfigurationPlatforms) = preSolution
		Debug|Any CPU = Debug|Any CPU
		Debug|x86 = Debug|x86
		Release|Any CPU = Release|Any CPU
		Release|x86 = Release|x86
	EndGlobalSection
	GlobalSection(ProjectConfigurationPlatforms) = postSolution
		{1EFE496E-B729-46C7-A99A-D2E0F275C153}.Debug|Any CPU.ActiveCfg = Debug|Any CPU
		{1EFE496E-B729-46C7-A99A-D2E0F275C153}.Debug|Any CPU.Build.0 = Debug|Any CPU
		{1EFE496E-B729-46C7-A99A-D2E0F275C153}.Debug|x86.ActiveCfg = Debug|Any CPU
		{1EFE496E-B729-46C7-A99A-D2E0F275C153}.Debug|x86.Build.0 = Debug|Any CPU
		{1EFE496E-B729-46C7-A99A-D2E0F275C153}.Release|Any CPU.ActiveCfg = Release|Any CPU
		{1EFE496E-B729-46C7-A99A-D2E0F275C153}.Release|Any CPU.Build.0 = Release|Any CPU
		{1EFE496E-B729-46C7-A99A-D2E0F275C153}.Release|x86.ActiveCfg = Release|Any CPU
		{1EFE496E-B729-46C7-A99A-D2E0F275C153}.Release|x86.Build.0 = Release|Any CPU
		{A1318021-0DA4-4055-8485-59E236F8B58C}.Debug|Any CPU.ActiveCfg = Debug|Any CPU
		{A1318021-0DA4-4055-8485-59E236F8B58C}.Debug|Any CPU.Build.0 = Debug|Any CPU
		{A1318021-0DA4-4055-8485-59E236F8B58C}.Debug|x86.ActiveCfg = Debug|Any CPU
		{A1318021-0DA4-4055-8485-59E236F8B58C}.Debug|x86.Build.0 = Debug|Any CPU
		{A1318021-0DA4-4055-8485-59E236F8B58C}.Release|Any CPU.ActiveCfg = Release|Any CPU
		{A1318021-0DA4-4055-8485-59E236F8B58C}.Release|Any CPU.Build.0 = Release|Any CPU
		{A1318021-0DA4-4055-8485-59E236F8B58C}.Release|x86.ActiveCfg = Release|Any CPU
		{A1318021-0DA4-4055-8485-59E236F8B58C}.Release|x86.Build.0 = Release|Any CPU
		{60F3B7FD-2C89-4B75-83BF-269AE2D87B88}.Debug|Any CPU.ActiveCfg = Debug|Any CPU
		{60F3B7FD-2C89-4B75-83BF-269AE2D87B88}.Debug|Any CPU.Build.0 = Debug|Any CPU
		{60F3B7FD-2C89-4B75-83BF-269AE2D87B88}.Debug|x86.ActiveCfg = Debug|Any CPU
		{60F3B7FD-2C89-4B75-83BF-269AE2D87B88}.Debug|x86.Build.0 = Debug|Any CPU
		{60F3B7FD-2C89-4B75-83BF-269AE2D87B88}.Release|Any CPU.ActiveCfg = Release|Any CPU
		{60F3B7FD-2C89-4B75-83BF-269AE2D87B88}.Release|Any CPU.Build.0 = Release|Any CPU
		{60F3B7FD-2C89-4B75-83BF-269AE2D87B88}.Release|x86.ActiveCfg = Release|Any CPU
		{60F3B7FD-2C89-4B75-83BF-269AE2D87B88}.Release|x86.Build.0 = Release|Any CPU
	EndGlobalSection
	GlobalSection(SolutionProperties) = preSolution
		HideSolutionNode = FALSE
	EndGlobalSection
	GlobalSection(ExtensibilityGlobals) = postSolution
		SolutionGuid = {D36A82BF-29ED-4084-B15B-4FC99D49731F}
	EndGlobalSection
EndGlobal
