
Microsoft Visual Studio Solution File, Format Version 12.00
# Visual Studio Version 16
VisualStudioVersion = 16.0.29926.136
MinimumVisualStudioVersion = 10.0.40219.1
Project("{FAE04EC0-301F-11D3-BF4B-00C04F79EFBC}") = "OmarRestaurant", "Restaurant\OmarRestaurant.csproj", "{B0EA0838-E59F-49F4-857A-1D2B43D2DED2}"
EndProject
Project("{FAE04EC0-301F-11D3-BF4B-00C04F79EFBC}") = "OmarRestaurant.Core", "Restaurant.Core\OmarRestaurant.Core.csproj", "{1EFE496E-B729-46C7-A99A-D2E0F275C153}"
EndProject
Project("{FAE04EC0-301F-11D3-BF4B-00C04F79EFBC}") = "OmarRestaurant.Data", "Restuarant.Data\OmarRestaurant.Data.csproj", "{A1318021-0DA4-4055-8485-59E236F8B58C}"
EndProject
Global
	GlobalSection(SolutionConfigurationPlatforms) = preSolution
		Debug|Any CPU = Debug|Any CPU
		Release|Any CPU = Release|Any CPU
	EndGlobalSection
	GlobalSection(ProjectConfigurationPlatforms) = postSolution
		{B0EA0838-E59F-49F4-857A-1D2B43D2DED2}.Debug|Any CPU.ActiveCfg = Debug|Any CPU
		{B0EA0838-E59F-49F4-857A-1D2B43D2DED2}.Debug|Any CPU.Build.0 = Debug|Any CPU
		{B0EA0838-E59F-49F4-857A-1D2B43D2DED2}.Release|Any CPU.ActiveCfg = Release|Any CPU
		{B0EA0838-E59F-49F4-857A-1D2B43D2DED2}.Release|Any CPU.Build.0 = Release|Any CPU
		{1EFE496E-B729-46C7-A99A-D2E0F275C153}.Debug|Any CPU.ActiveCfg = Debug|Any CPU
		{1EFE496E-B729-46C7-A99A-D2E0F275C153}.Debug|Any CPU.Build.0 = Debug|Any CPU
		{1EFE496E-B729-46C7-A99A-D2E0F275C153}.Release|Any CPU.ActiveCfg = Release|Any CPU
		{1EFE496E-B729-46C7-A99A-D2E0F275C153}.Release|Any CPU.Build.0 = Release|Any CPU
		{A1318021-0DA4-4055-8485-59E236F8B58C}.Debug|Any CPU.ActiveCfg = Debug|Any CPU
		{A1318021-0DA4-4055-8485-59E236F8B58C}.Debug|Any CPU.Build.0 = Debug|Any CPU
		{A1318021-0DA4-4055-8485-59E236F8B58C}.Release|Any CPU.ActiveCfg = Release|Any CPU
		{A1318021-0DA4-4055-8485-59E236F8B58C}.Release|Any CPU.Build.0 = Release|Any CPU
	EndGlobalSection
	GlobalSection(SolutionProperties) = preSolution
		HideSolutionNode = FALSE
	EndGlobalSection
	GlobalSection(ExtensibilityGlobals) = postSolution
		SolutionGuid = {D36A82BF-29ED-4084-B15B-4FC99D49731F}
	EndGlobalSection
EndGlobal
